// !$*UTF8*$!
{
	archiveVersion = 1;
	classes = {
	};
	objectVersion = 56;
	objects = {

/* Begin PBXBuildFile section */
		B963F7B629BE4CCC00E0F75D /* SwiftCalendarApp.swift in Sources */ = {isa = PBXBuildFile; fileRef = B963F7B529BE4CCC00E0F75D /* SwiftCalendarApp.swift */; };
		B963F7B829BE4CCC00E0F75D /* ContentView.swift in Sources */ = {isa = PBXBuildFile; fileRef = B963F7B729BE4CCC00E0F75D /* ContentView.swift */; };
		B963F7BA29BE4CCD00E0F75D /* Assets.xcassets in Resources */ = {isa = PBXBuildFile; fileRef = B963F7B929BE4CCD00E0F75D /* Assets.xcassets */; };
		B963F7BD29BE4CCD00E0F75D /* Preview Assets.xcassets in Resources */ = {isa = PBXBuildFile; fileRef = B963F7BC29BE4CCD00E0F75D /* Preview Assets.xcassets */; };
		B963F7BF29BE4CCD00E0F75D /* Persistence.swift in Sources */ = {isa = PBXBuildFile; fileRef = B963F7BE29BE4CCD00E0F75D /* Persistence.swift */; };
		B963F7C229BE4CCD00E0F75D /* SwiftCalendar.xcdatamodeld in Sources */ = {isa = PBXBuildFile; fileRef = B963F7C029BE4CCD00E0F75D /* SwiftCalendar.xcdatamodeld */; };
/* End PBXBuildFile section */

/* Begin PBXFileReference section */
		B963F7B229BE4CCC00E0F75D /* SwiftCalendar.app */ = {isa = PBXFileReference; explicitFileType = wrapper.application; includeInIndex = 0; path = SwiftCalendar.app; sourceTree = BUILT_PRODUCTS_DIR; };
		B963F7B529BE4CCC00E0F75D /* SwiftCalendarApp.swift */ = {isa = PBXFileReference; lastKnownFileType = sourcecode.swift; path = SwiftCalendarApp.swift; sourceTree = "<group>"; };
		B963F7B729BE4CCC00E0F75D /* ContentView.swift */ = {isa = PBXFileReference; lastKnownFileType = sourcecode.swift; path = ContentView.swift; sourceTree = "<group>"; };
		B963F7B929BE4CCD00E0F75D /* Assets.xcassets */ = {isa = PBXFileReference; lastKnownFileType = folder.assetcatalog; path = Assets.xcassets; sourceTree = "<group>"; };
		B963F7BC29BE4CCD00E0F75D /* Preview Assets.xcassets */ = {isa = PBXFileReference; lastKnownFileType = folder.assetcatalog; path = "Preview Assets.xcassets"; sourceTree = "<group>"; };
		B963F7BE29BE4CCD00E0F75D /* Persistence.swift */ = {isa = PBXFileReference; lastKnownFileType = sourcecode.swift; path = Persistence.swift; sourceTree = "<group>"; };
		B963F7C129BE4CCD00E0F75D /* SwiftCalendar.xcdatamodel */ = {isa = PBXFileReference; lastKnownFileType = wrapper.xcdatamodel; path = SwiftCalendar.xcdatamodel; sourceTree = "<group>"; };
/* End PBXFileReference section */

/* Begin PBXFrameworksBuildPhase section */
		B963F7AF29BE4CCC00E0F75D /* Frameworks */ = {
			isa = PBXFrameworksBuildPhase;
			buildActionMask = 2147483647;
			files = (
			);
			runOnlyForDeploymentPostprocessing = 0;
		};
/* End PBXFrameworksBuildPhase section */

/* Begin PBXGroup section */
		B963F7A929BE4CCC00E0F75D = {
			isa = PBXGroup;
			children = (
				B963F7B429BE4CCC00E0F75D /* SwiftCalendar */,
				B963F7B329BE4CCC00E0F75D /* Products */,
			);
			sourceTree = "<group>";
		};
		B963F7B329BE4CCC00E0F75D /* Products */ = {
			isa = PBXGroup;
			children = (
				B963F7B229BE4CCC00E0F75D /* SwiftCalendar.app */,
			);
			name = Products;
			sourceTree = "<group>";
		};
		B963F7B429BE4CCC00E0F75D /* SwiftCalendar */ = {
			isa = PBXGroup;
			children = (
				B963F7B529BE4CCC00E0F75D /* SwiftCalendarApp.swift */,
				B963F7B729BE4CCC00E0F75D /* ContentView.swift */,
				B963F7B929BE4CCD00E0F75D /* Assets.xcassets */,
				B963F7BE29BE4CCD00E0F75D /* Persistence.swift */,
				B963F7C029BE4CCD00E0F75D /* SwiftCalendar.xcdatamodeld */,
				B963F7BB29BE4CCD00E0F75D /* Preview Content */,
			);
			path = SwiftCalendar;
			sourceTree = "<group>";
		};
		B963F7BB29BE4CCD00E0F75D /* Preview Content */ = {
			isa = PBXGroup;
			children = (
				B963F7BC29BE4CCD00E0F75D /* Preview Assets.xcassets */,
			);
			path = "Preview Content";
			sourceTree = "<group>";
		};
/* End PBXGroup section */

/* Begin PBXNativeTarget section */
		B963F7B129BE4CCC00E0F75D /* SwiftCalendar */ = {
			isa = PBXNativeTarget;
			buildConfigurationList = B963F7C529BE4CCD00E0F75D /* Build configuration list for PBXNativeTarget "SwiftCalendar" */;
			buildPhases = (
				B963F7AE29BE4CCC00E0F75D /* Sources */,
				B963F7AF29BE4CCC00E0F75D /* Frameworks */,
				B963F7B029BE4CCC00E0F75D /* Resources */,
			);
			buildRules = (
			);
			dependencies = (
			);
			name = SwiftCalendar;
			productName = SwiftCalendar;
			productReference = B963F7B229BE4CCC00E0F75D /* SwiftCalendar.app */;
			productType = "com.apple.product-type.application";
		};
/* End PBXNativeTarget section */

/* Begin PBXProject section */
		B963F7AA29BE4CCC00E0F75D /* Project object */ = {
			isa = PBXProject;
			attributes = {
				BuildIndependentTargetsInParallel = 1;
				LastSwiftUpdateCheck = 1420;
				LastUpgradeCheck = 1420;
				TargetAttributes = {
					B963F7B129BE4CCC00E0F75D = {
						CreatedOnToolsVersion = 14.2;
					};
				};
			};
			buildConfigurationList = B963F7AD29BE4CCC00E0F75D /* Build configuration list for PBXProject "SwiftCalendar" */;
			compatibilityVersion = "Xcode 14.0";
			developmentRegion = en;
			hasScannedForEncodings = 0;
			knownRegions = (
				en,
				Base,
			);
			mainGroup = B963F7A929BE4CCC00E0F75D;
			productRefGroup = B963F7B329BE4CCC00E0F75D /* Products */;
			projectDirPath = "";
			projectRoot = "";
			targets = (
				B963F7B129BE4CCC00E0F75D /* SwiftCalendar */,
			);
		};
/* End PBXProject section */

/* Begin PBXResourcesBuildPhase section */
		B963F7B029BE4CCC00E0F75D /* Resources */ = {
			isa = PBXResourcesBuildPhase;
			buildActionMask = 2147483647;
			files = (
				B963F7BD29BE4CCD00E0F75D /* Preview Assets.xcassets in Resources */,
				B963F7BA29BE4CCD00E0F75D /* Assets.xcassets in Resources */,
			);
			runOnlyForDeploymentPostprocessing = 0;
		};
/* End PBXResourcesBuildPhase section */

/* Begin PBXSourcesBuildPhase section */
		B963F7AE29BE4CCC00E0F75D /* Sources */ = {
			isa = PBXSourcesBuildPhase;
			buildActionMask = 2147483647;
			files = (
				B963F7BF29BE4CCD00E0F75D /* Persistence.swift in Sources */,
				B963F7C229BE4CCD00E0F75D /* SwiftCalendar.xcdatamodeld in Sources */,
				B963F7B829BE4CCC00E0F75D /* ContentView.swift in Sources */,
				B963F7B629BE4CCC00E0F75D /* SwiftCalendarApp.swift in Sources */,
			);
			runOnlyForDeploymentPostprocessing = 0;
		};
/* End PBXSourcesBuildPhase section */

/* Begin XCBuildConfiguration section */
		B963F7C329BE4CCD00E0F75D /* Debug */ = {
			isa = XCBuildConfiguration;
			buildSettings = {
				ALWAYS_SEARCH_USER_PATHS = NO;
				CLANG_ANALYZER_NONNULL = YES;
				CLANG_ANALYZER_NUMBER_OBJECT_CONVERSION = YES_AGGRESSIVE;
				CLANG_CXX_LANGUAGE_STANDARD = "gnu++20";
				CLANG_ENABLE_MODULES = YES;
				CLANG_ENABLE_OBJC_ARC = YES;
				CLANG_ENABLE_OBJC_WEAK = YES;
				CLANG_WARN_BLOCK_CAPTURE_AUTORELEASING = YES;
				CLANG_WARN_BOOL_CONVERSION = YES;
				CLANG_WARN_COMMA = YES;
				CLANG_WARN_CONSTANT_CONVERSION = YES;
				CLANG_WARN_DEPRECATED_OBJC_IMPLEMENTATIONS = YES;
				CLANG_WARN_DIRECT_OBJC_ISA_USAGE = YES_ERROR;
				CLANG_WARN_DOCUMENTATION_COMMENTS = YES;
				CLANG_WARN_EMPTY_BODY = YES;
				CLANG_WARN_ENUM_CONVERSION = YES;
				CLANG_WARN_INFINITE_RECURSION = YES;
				CLANG_WARN_INT_CONVERSION = YES;
				CLANG_WARN_NON_LITERAL_NULL_CONVERSION = YES;
				CLANG_WARN_OBJC_IMPLICIT_RETAIN_SELF = YES;
				CLANG_WARN_OBJC_LITERAL_CONVERSION = YES;
				CLANG_WARN_OBJC_ROOT_CLASS = YES_ERROR;
				CLANG_WARN_QUOTED_INCLUDE_IN_FRAMEWORK_HEADER = YES;
				CLANG_WARN_RANGE_LOOP_ANALYSIS = YES;
				CLANG_WARN_STRICT_PROTOTYPES = YES;
				CLANG_WARN_SUSPICIOUS_MOVE = YES;
				CLANG_WARN_UNGUARDED_AVAILABILITY = YES_AGGRESSIVE;
				CLANG_WARN_UNREACHABLE_CODE = YES;
				CLANG_WARN__DUPLICATE_METHOD_MATCH = YES;
				COPY_PHASE_STRIP = NO;
				DEBUG_INFORMATION_FORMAT = dwarf;
				ENABLE_STRICT_OBJC_MSGSEND = YES;
				ENABLE_TESTABILITY = YES;
				GCC_C_LANGUAGE_STANDARD = gnu11;
				GCC_DYNAMIC_NO_PIC = NO;
				GCC_NO_COMMON_BLOCKS = YES;
				GCC_OPTIMIZATION_LEVEL = 0;
				GCC_PREPROCESSOR_DEFINITIONS = (
					"DEBUG=1",
					"$(inherited)",
				);
				GCC_WARN_64_TO_32_BIT_CONVERSION = YES;
				GCC_WARN_ABOUT_RETURN_TYPE = YES_ERROR;
				GCC_WARN_UNDECLARED_SELECTOR = YES;
				GCC_WARN_UNINITIALIZED_AUTOS = YES_AGGRESSIVE;
				GCC_WARN_UNUSED_FUNCTION = YES;
				GCC_WARN_UNUSED_VARIABLE = YES;
				IPHONEOS_DEPLOYMENT_TARGET = 16.2;
				MTL_ENABLE_DEBUG_INFO = INCLUDE_SOURCE;
				MTL_FAST_MATH = YES;
				ONLY_ACTIVE_ARCH = YES;
				SDKROOT = iphoneos;
				SWIFT_ACTIVE_COMPILATION_CONDITIONS = DEBUG;
				SWIFT_OPTIMIZATION_LEVEL = "-Onone";
			};
			name = Debug;
		};
		B963F7C429BE4CCD00E0F75D /* Release */ = {
			isa = XCBuildConfiguration;
			buildSettings = {
				ALWAYS_SEARCH_USER_PATHS = NO;
				CLANG_ANALYZER_NONNULL = YES;
				CLANG_ANALYZER_NUMBER_OBJECT_CONVERSION = YES_AGGRESSIVE;
				CLANG_CXX_LANGUAGE_STANDARD = "gnu++20";
				CLANG_ENABLE_MODULES = YES;
				CLANG_ENABLE_OBJC_ARC = YES;
				CLANG_ENABLE_OBJC_WEAK = YES;
				CLANG_WARN_BLOCK_CAPTURE_AUTORELEASING = YES;
				CLANG_WARN_BOOL_CONVERSION = YES;
				CLANG_WARN_COMMA = YES;
				CLANG_WARN_CONSTANT_CONVERSION = YES;
				CLANG_WARN_DEPRECATED_OBJC_IMPLEMENTATIONS = YES;
				CLANG_WARN_DIRECT_OBJC_ISA_USAGE = YES_ERROR;
				CLANG_WARN_DOCUMENTATION_COMMENTS = YES;
				CLANG_WARN_EMPTY_BODY = YES;
				CLANG_WARN_ENUM_CONVERSION = YES;
				CLANG_WARN_INFINITE_RECURSION = YES;
				CLANG_WARN_INT_CONVERSION = YES;
				CLANG_WARN_NON_LITERAL_NULL_CONVERSION = YES;
				CLANG_WARN_OBJC_IMPLICIT_RETAIN_SELF = YES;
				CLANG_WARN_OBJC_LITERAL_CONVERSION = YES;
				CLANG_WARN_OBJC_ROOT_CLASS = YES_ERROR;
				CLANG_WARN_QUOTED_INCLUDE_IN_FRAMEWORK_HEADER = YES;
				CLANG_WARN_RANGE_LOOP_ANALYSIS = YES;
				CLANG_WARN_STRICT_PROTOTYPES = YES;
				CLANG_WARN_SUSPICIOUS_MOVE = YES;
				CLANG_WARN_UNGUARDED_AVAILABILITY = YES_AGGRESSIVE;
				CLANG_WARN_UNREACHABLE_CODE = YES;
				CLANG_WARN__DUPLICATE_METHOD_MATCH = YES;
				COPY_PHASE_STRIP = NO;
				DEBUG_INFORMATION_FORMAT = "dwarf-with-dsym";
				ENABLE_NS_ASSERTIONS = NO;
				ENABLE_STRICT_OBJC_MSGSEND = YES;
				GCC_C_LANGUAGE_STANDARD = gnu11;
				GCC_NO_COMMON_BLOCKS = YES;
				GCC_WARN_64_TO_32_BIT_CONVERSION = YES;
				GCC_WARN_ABOUT_RETURN_TYPE = YES_ERROR;
				GCC_WARN_UNDECLARED_SELECTOR = YES;
				GCC_WARN_UNINITIALIZED_AUTOS = YES_AGGRESSIVE;
				GCC_WARN_UNUSED_FUNCTION = YES;
				GCC_WARN_UNUSED_VARIABLE = YES;
				IPHONEOS_DEPLOYMENT_TARGET = 16.2;
				MTL_ENABLE_DEBUG_INFO = NO;
				MTL_FAST_MATH = YES;
				SDKROOT = iphoneos;
				SWIFT_COMPILATION_MODE = wholemodule;
				SWIFT_OPTIMIZATION_LEVEL = "-O";
				VALIDATE_PRODUCT = YES;
			};
			name = Release;
		};
		B963F7C629BE4CCD00E0F75D /* Debug */ = {
			isa = XCBuildConfiguration;
			buildSettings = {
				ASSETCATALOG_COMPILER_APPICON_NAME = AppIcon;
				ASSETCATALOG_COMPILER_GLOBAL_ACCENT_COLOR_NAME = AccentColor;
				CODE_SIGN_STYLE = Automatic;
				CURRENT_PROJECT_VERSION = 1;
				DEVELOPMENT_ASSET_PATHS = "\"SwiftCalendar/Preview Content\"";
				DEVELOPMENT_TEAM = 6ADU7T5Q7V;
				ENABLE_PREVIEWS = YES;
				GENERATE_INFOPLIST_FILE = YES;
				INFOPLIST_KEY_UIApplicationSceneManifest_Generation = YES;
				INFOPLIST_KEY_UIApplicationSupportsIndirectInputEvents = YES;
				INFOPLIST_KEY_UILaunchScreen_Generation = YES;
				INFOPLIST_KEY_UISupportedInterfaceOrientations_iPad = "UIInterfaceOrientationPortrait UIInterfaceOrientationPortraitUpsideDown UIInterfaceOrientationLandscapeLeft UIInterfaceOrientationLandscapeRight";
				INFOPLIST_KEY_UISupportedInterfaceOrientations_iPhone = "UIInterfaceOrientationPortrait UIInterfaceOrientationLandscapeLeft UIInterfaceOrientationLandscapeRight";
				LD_RUNPATH_SEARCH_PATHS = (
					"$(inherited)",
					"@executable_path/Frameworks",
				);
				MARKETING_VERSION = 1.0;
				PRODUCT_BUNDLE_IDENTIFIER = com.daniel.SwiftCalendar;
				PRODUCT_NAME = "$(TARGET_NAME)";
				SWIFT_EMIT_LOC_STRINGS = YES;
				SWIFT_VERSION = 5.0;
				TARGETED_DEVICE_FAMILY = "1,2";
			};
			name = Debug;
		};
		B963F7C729BE4CCD00E0F75D /* Release */ = {
			isa = XCBuildConfiguration;
			buildSettings = {
				ASSETCATALOG_COMPILER_APPICON_NAME = AppIcon;
				ASSETCATALOG_COMPILER_GLOBAL_ACCENT_COLOR_NAME = AccentColor;
				CODE_SIGN_STYLE = Automatic;
				CURRENT_PROJECT_VERSION = 1;
				DEVELOPMENT_ASSET_PATHS = "\"SwiftCalendar/Preview Content\"";
				DEVELOPMENT_TEAM = 6ADU7T5Q7V;
				ENABLE_PREVIEWS = YES;
				GENERATE_INFOPLIST_FILE = YES;
				INFOPLIST_KEY_UIApplicationSceneManifest_Generation = YES;
				INFOPLIST_KEY_UIApplicationSupportsIndirectInputEvents = YES;
				INFOPLIST_KEY_UILaunchScreen_Generation = YES;
				INFOPLIST_KEY_UISupportedInterfaceOrientations_iPad = "UIInterfaceOrientationPortrait UIInterfaceOrientationPortraitUpsideDown UIInterfaceOrientationLandscapeLeft UIInterfaceOrientationLandscapeRight";
				INFOPLIST_KEY_UISupportedInterfaceOrientations_iPhone = "UIInterfaceOrientationPortrait UIInterfaceOrientationLandscapeLeft UIInterfaceOrientationLandscapeRight";
				LD_RUNPATH_SEARCH_PATHS = (
					"$(inherited)",
					"@executable_path/Frameworks",
				);
				MARKETING_VERSION = 1.0;
				PRODUCT_BUNDLE_IDENTIFIER = com.daniel.SwiftCalendar;
				PRODUCT_NAME = "$(TARGET_NAME)";
				SWIFT_EMIT_LOC_STRINGS = YES;
				SWIFT_VERSION = 5.0;
				TARGETED_DEVICE_FAMILY = "1,2";
			};
			name = Release;
		};
/* End XCBuildConfiguration section */

/* Begin XCConfigurationList section */
		B963F7AD29BE4CCC00E0F75D /* Build configuration list for PBXProject "SwiftCalendar" */ = {
			isa = XCConfigurationList;
			buildConfigurations = (
				B963F7C329BE4CCD00E0F75D /* Debug */,
				B963F7C429BE4CCD00E0F75D /* Release */,
			);
			defaultConfigurationIsVisible = 0;
			defaultConfigurationName = Release;
		};
		B963F7C529BE4CCD00E0F75D /* Build configuration list for PBXNativeTarget "SwiftCalendar" */ = {
			isa = XCConfigurationList;
			buildConfigurations = (
				B963F7C629BE4CCD00E0F75D /* Debug */,
				B963F7C729BE4CCD00E0F75D /* Release */,
			);
			defaultConfigurationIsVisible = 0;
			defaultConfigurationName = Release;
		};
/* End XCConfigurationList section */

/* Begin XCVersionGroup section */
		B963F7C029BE4CCD00E0F75D /* SwiftCalendar.xcdatamodeld */ = {
			isa = XCVersionGroup;
			children = (
				B963F7C129BE4CCD00E0F75D /* SwiftCalendar.xcdatamodel */,
			);
			currentVersion = B963F7C129BE4CCD00E0F75D /* SwiftCalendar.xcdatamodel */;
			path = SwiftCalendar.xcdatamodeld;
			sourceTree = "<group>";
			versionGroupType = wrapper.xcdatamodel;
		};
/* End XCVersionGroup section */
	};
	rootObject = B963F7AA29BE4CCC00E0F75D /* Project object */;
}
